// !$*UTF8*$!
{
	archiveVersion = 1;
	classes = {
	};
	objectVersion = 46;
	objects = {

/* Begin PBXBuildFile section */
		8939FB671C192A98003520EC /* AppDelegate.swift in Sources */ = {isa = PBXBuildFile; fileRef = 8939FB661C192A98003520EC /* AppDelegate.swift */; };
		8939FB691C192A98003520EC /* ViewController.swift in Sources */ = {isa = PBXBuildFile; fileRef = 8939FB681C192A98003520EC /* ViewController.swift */; };
		8939FB6C1C192A98003520EC /* Main.storyboard in Resources */ = {isa = PBXBuildFile; fileRef = 8939FB6A1C192A98003520EC /* Main.storyboard */; };
		8939FB6E1C192A98003520EC /* Assets.xcassets in Resources */ = {isa = PBXBuildFile; fileRef = 8939FB6D1C192A98003520EC /* Assets.xcassets */; };
		8939FB711C192A98003520EC /* LaunchScreen.storyboard in Resources */ = {isa = PBXBuildFile; fileRef = 8939FB6F1C192A98003520EC /* LaunchScreen.storyboard */; };
/* End PBXBuildFile section */

/* Begin PBXFileReference section */
		8939FB631C192A98003520EC /* AppBurger.app */ = {isa = PBXFileReference; explicitFileType = wrapper.application; includeInIndex = 0; path = AppBurger.app; sourceTree = BUILT_PRODUCTS_DIR; };
		8939FB661C192A98003520EC /* AppDelegate.swift */ = {isa = PBXFileReference; lastKnownFileType = sourcecode.swift; path = AppDelegate.swift; sourceTree = "<group>"; };
		8939FB681C192A98003520EC /* ViewController.swift */ = {isa = PBXFileReference; lastKnownFileType = sourcecode.swift; path = ViewController.swift; sourceTree = "<group>"; };
		8939FB6B1C192A98003520EC /* Base */ = {isa = PBXFileReference; lastKnownFileType = file.storyboard; name = Base; path = Base.lproj/Main.storyboard; sourceTree = "<group>"; };
		8939FB6D1C192A98003520EC /* Assets.xcassets */ = {isa = PBXFileReference; lastKnownFileType = folder.assetcatalog; path = Assets.xcassets; sourceTree = "<group>"; };
		8939FB701C192A98003520EC /* Base */ = {isa = PBXFileReference; lastKnownFileType = file.storyboard; name = Base; path = Base.lproj/LaunchScreen.storyboard; sourceTree = "<group>"; };
		8939FB721C192A98003520EC /* Info.plist */ = {isa = PBXFileReference; lastKnownFileType = text.plist.xml; path = Info.plist; sourceTree = "<group>"; };
/* End PBXFileReference section */

/* Begin PBXFrameworksBuildPhase section */
		8939FB601C192A98003520EC /* Frameworks */ = {
			isa = PBXFrameworksBuildPhase;
			buildActionMask = 2147483647;
			files = (
			);
			runOnlyForDeploymentPostprocessing = 0;
		};
/* End PBXFrameworksBuildPhase section */

/* Begin PBXGroup section */
		8939FB5A1C192A97003520EC = {
			isa = PBXGroup;
			children = (
				8939FB651C192A98003520EC /* AppBurger */,
				8939FB641C192A98003520EC /* Products */,
			);
			sourceTree = "<group>";
		};
		8939FB641C192A98003520EC /* Products */ = {
			isa = PBXGroup;
			children = (
				8939FB631C192A98003520EC /* AppBurger.app */,
			);
			name = Products;
			sourceTree = "<group>";
		};
		8939FB651C192A98003520EC /* AppBurger */ = {
			isa = PBXGroup;
			children = (
				8939FB661C192A98003520EC /* AppDelegate.swift */,
				8939FB681C192A98003520EC /* ViewController.swift */,
				8939FB6A1C192A98003520EC /* Main.storyboard */,
				8939FB6D1C192A98003520EC /* Assets.xcassets */,
				8939FB6F1C192A98003520EC /* LaunchScreen.storyboard */,
				8939FB721C192A98003520EC /* Info.plist */,
			);
			path = AppBurger;
			sourceTree = "<group>";
		};
/* End PBXGroup section */

/* Begin PBXNativeTarget section */
		8939FB621C192A98003520EC /* AppBurger */ = {
			isa = PBXNativeTarget;
			buildConfigurationList = 8939FB751C192A98003520EC /* Build configuration list for PBXNativeTarget "AppBurger" */;
			buildPhases = (
				8939FB5F1C192A98003520EC /* Sources */,
				8939FB601C192A98003520EC /* Frameworks */,
				8939FB611C192A98003520EC /* Resources */,
			);
			buildRules = (
			);
			dependencies = (
			);
			name = AppBurger;
			productName = AppBurger;
			productReference = 8939FB631C192A98003520EC /* AppBurger.app */;
			productType = "com.apple.product-type.application";
		};
/* End PBXNativeTarget section */

/* Begin PBXProject section */
		8939FB5B1C192A98003520EC /* Project object */ = {
			isa = PBXProject;
			attributes = {
				LastSwiftUpdateCheck = 0710;
				LastUpgradeCheck = 0710;
				ORGANIZATIONNAME = "Auto Technology Designs";
				TargetAttributes = {
					8939FB621C192A98003520EC = {
						CreatedOnToolsVersion = 7.1.1;
						DevelopmentTeam = F3K24534QQ;
					};
				};
			};
			buildConfigurationList = 8939FB5E1C192A98003520EC /* Build configuration list for PBXProject "AppBurger" */;
			compatibilityVersion = "Xcode 3.2";
			developmentRegion = English;
			hasScannedForEncodings = 0;
			knownRegions = (
				en,
				Base,
			);
			mainGroup = 8939FB5A1C192A97003520EC;
			productRefGroup = 8939FB641C192A98003520EC /* Products */;
			projectDirPath = "";
			projectRoot = "";
			targets = (
				8939FB621C192A98003520EC /* AppBurger */,
			);
		};
/* End PBXProject section */

/* Begin PBXResourcesBuildPhase section */
		8939FB611C192A98003520EC /* Resources */ = {
			isa = PBXResourcesBuildPhase;
			buildActionMask = 2147483647;
			files = (
				8939FB711C192A98003520EC /* LaunchScreen.storyboard in Resources */,
				8939FB6E1C192A98003520EC /* Assets.xcassets in Resources */,
				8939FB6C1C192A98003520EC /* Main.storyboard in Resources */,
			);
			runOnlyForDeploymentPostprocessing = 0;
		};
/* End PBXResourcesBuildPhase section */

/* Begin PBXSourcesBuildPhase section */
		8939FB5F1C192A98003520EC /* Sources */ = {
			isa = PBXSourcesBuildPhase;
			buildActionMask = 2147483647;
			files = (
				8939FB691C192A98003520EC /* ViewController.swift in Sources */,
				8939FB671C192A98003520EC /* AppDelegate.swift in Sources */,
			);
			runOnlyForDeploymentPostprocessing = 0;
		};
/* End PBXSourcesBuildPhase section */

/* Begin PBXVariantGroup section */
		8939FB6A1C192A98003520EC /* Main.storyboard */ = {
			isa = PBXVariantGroup;
			children = (
				8939FB6B1C192A98003520EC /* Base */,
			);
			name = Main.storyboard;
			sourceTree = "<group>";
		};
		8939FB6F1C192A98003520EC /* LaunchScreen.storyboard */ = {
			isa = PBXVariantGroup;
			children = (
				8939FB701C192A98003520EC /* Base */,
			);
			name = LaunchScreen.storyboard;
			sourceTree = "<group>";
		};
/* End PBXVariantGroup section */

/* Begin XCBuildConfiguration section */
		8939FB731C192A98003520EC /* Debug */ = {
			isa = XCBuildConfiguration;
			buildSettings = {
				ALWAYS_SEARCH_USER_PATHS = NO;
				CLANG_CXX_LANGUAGE_STANDARD = "gnu++0x";
				CLANG_CXX_LIBRARY = "libc++";
				CLANG_ENABLE_MODULES = YES;
				CLANG_ENABLE_OBJC_ARC = YES;
				CLANG_WARN_BOOL_CONVERSION = YES;
				CLANG_WARN_CONSTANT_CONVERSION = YES;
				CLANG_WARN_DIRECT_OBJC_ISA_USAGE = YES_ERROR;
				CLANG_WARN_EMPTY_BODY = YES;
				CLANG_WARN_ENUM_CONVERSION = YES;
				CLANG_WARN_INT_CONVERSION = YES;
				CLANG_WARN_OBJC_ROOT_CLASS = YES_ERROR;
				CLANG_WARN_UNREACHABLE_CODE = YES;
				CLANG_WARN__DUPLICATE_METHOD_MATCH = YES;
				"CODE_SIGN_IDENTITY[sdk=iphoneos*]" = "iPhone Developer";
				COPY_PHASE_STRIP = NO;
				DEBUG_INFORMATION_FORMAT = dwarf;
				ENABLE_STRICT_OBJC_MSGSEND = YES;
				ENABLE_TESTABILITY = YES;
				GCC_C_LANGUAGE_STANDARD = gnu99;
				GCC_DYNAMIC_NO_PIC = NO;
				GCC_NO_COMMON_BLOCKS = YES;
				GCC_OPTIMIZATION_LEVEL = 0;
				GCC_PREPROCESSOR_DEFINITIONS = (
					"DEBUG=1",
					"$(inherited)",
				);
				GCC_WARN_64_TO_32_BIT_CONVERSION = YES;
				GCC_WARN_ABOUT_RETURN_TYPE = YES_ERROR;
				GCC_WARN_UNDECLARED_SELECTOR = YES;
				GCC_WARN_UNINITIALIZED_AUTOS = YES_AGGRESSIVE;
				GCC_WARN_UNUSED_FUNCTION = YES;
				GCC_WARN_UNUSED_VARIABLE = YES;
				IPHONEOS_DEPLOYMENT_TARGET = 9.1;
				MTL_ENABLE_DEBUG_INFO = YES;
				ONLY_ACTIVE_ARCH = YES;
				SDKROOT = iphoneos;
				SWIFT_OPTIMIZATION_LEVEL = "-Onone";
			};
			name = Debug;
		};
		8939FB741C192A98003520EC /* Release */ = {
			isa = XCBuildConfiguration;
			buildSettings = {
				ALWAYS_SEARCH_USER_PATHS = NO;
				CLANG_CXX_LANGUAGE_STANDARD = "gnu++0x";
				CLANG_CXX_LIBRARY = "libc++";
				CLANG_ENABLE_MODULES = YES;
				CLANG_ENABLE_OBJC_ARC = YES;
				CLANG_WARN_BOOL_CONVERSION = YES;
				CLANG_WARN_CONSTANT_CONVERSION = YES;
				CLANG_WARN_DIRECT_OBJC_ISA_USAGE = YES_ERROR;
				CLANG_WARN_EMPTY_BODY = YES;
				CLANG_WARN_ENUM_CONVERSION = YES;
				CLANG_WARN_INT_CONVERSION = YES;
				CLANG_WARN_OBJC_ROOT_CLASS = YES_ERROR;
				CLANG_WARN_UNREACHABLE_CODE = YES;
				CLANG_WARN__DUPLICATE_METHOD_MATCH = YES;
				"CODE_SIGN_IDENTITY[sdk=iphoneos*]" = "iPhone Developer";
				COPY_PHASE_STRIP = NO;
				DEBUG_INFORMATION_FORMAT = "dwarf-with-dsym";
				ENABLE_NS_ASSERTIONS = NO;
				ENABLE_STRICT_OBJC_MSGSEND = YES;
				GCC_C_LANGUAGE_STANDARD = gnu99;
				GCC_NO_COMMON_BLOCKS = YES;
				GCC_WARN_64_TO_32_BIT_CONVERSION = YES;
				GCC_WARN_ABOUT_RETURN_TYPE = YES_ERROR;
				GCC_WARN_UNDECLARED_SELECTOR = YES;
				GCC_WARN_UNINITIALIZED_AUTOS = YES_AGGRESSIVE;
				GCC_WARN_UNUSED_FUNCTION = YES;
				GCC_WARN_UNUSED_VARIABLE = YES;
				IPHONEOS_DEPLOYMENT_TARGET = 9.1;
				MTL_ENABLE_DEBUG_INFO = NO;
				SDKROOT = iphoneos;
				VALIDATE_PRODUCT = YES;
			};
			name = Release;
		};
		8939FB761C192A98003520EC /* Debug */ = {
			isa = XCBuildConfiguration;
			buildSettings = {
				ASSETCATALOG_COMPILER_APPICON_NAME = AppIcon;
				INFOPLIST_FILE = AppBurger/Info.plist;
				LD_RUNPATH_SEARCH_PATHS = "$(inherited) @executable_path/Frameworks";
				PRODUCT_BUNDLE_IDENTIFIER = atd.AppBurger;
				PRODUCT_NAME = "$(TARGET_NAME)";
			};
			name = Debug;
		};
		8939FB771C192A98003520EC /* Release */ = {
			isa = XCBuildConfiguration;
			buildSettings = {
				ASSETCATALOG_COMPILER_APPICON_NAME = AppIcon;
				INFOPLIST_FILE = AppBurger/Info.plist;
				LD_RUNPATH_SEARCH_PATHS = "$(inherited) @executable_path/Frameworks";
				PRODUCT_BUNDLE_IDENTIFIER = atd.AppBurger;
				PRODUCT_NAME = "$(TARGET_NAME)";
			};
			name = Release;
		};
/* End XCBuildConfiguration section */

/* Begin XCConfigurationList section */
		8939FB5E1C192A98003520EC /* Build configuration list for PBXProject "AppBurger" */ = {
			isa = XCConfigurationList;
			buildConfigurations = (
				8939FB731C192A98003520EC /* Debug */,
				8939FB741C192A98003520EC /* Release */,
			);
			defaultConfigurationIsVisible = 0;
			defaultConfigurationName = Release;
		};
		8939FB751C192A98003520EC /* Build configuration list for PBXNativeTarget "AppBurger" */ = {
			isa = XCConfigurationList;
			buildConfigurations = (
				8939FB761C192A98003520EC /* Debug */,
				8939FB771C192A98003520EC /* Release */,
			);
			defaultConfigurationIsVisible = 0;
		};
/* End XCConfigurationList section */
	};
	rootObject = 8939FB5B1C192A98003520EC /* Project object */;
}
